// !$*UTF8*$!
{
	archiveVersion = 1;
	classes = {
	};
	objectVersion = 55;
	objects = {

/* Begin PBXBuildFile section */
		AD518D1726EFD91600F4E1B4 /* WatchTasks WatchKit App.app in Embed Watch Content */ = {isa = PBXBuildFile; fileRef = AD518D1626EFD91600F4E1B4 /* WatchTasks WatchKit App.app */; settings = {ATTRIBUTES = (RemoveHeadersOnCopy, ); }; };
		AD518D1C26EFD91800F4E1B4 /* Assets.xcassets in Resources */ = {isa = PBXBuildFile; fileRef = AD518D1B26EFD91800F4E1B4 /* Assets.xcassets */; };
		AD518D2226EFD91900F4E1B4 /* WatchTasks WatchKit Extension.appex in Embed App Extensions */ = {isa = PBXBuildFile; fileRef = AD518D2126EFD91900F4E1B4 /* WatchTasks WatchKit Extension.appex */; settings = {ATTRIBUTES = (RemoveHeadersOnCopy, ); }; };
		AD518D2726EFD91900F4E1B4 /* ContentView.swift in Sources */ = {isa = PBXBuildFile; fileRef = AD518D2626EFD91900F4E1B4 /* ContentView.swift */; };
		AD518D2926EFD91900F4E1B4 /* WatchTasksApp.swift in Sources */ = {isa = PBXBuildFile; fileRef = AD518D2826EFD91900F4E1B4 /* WatchTasksApp.swift */; };
		AD518D2B26EFD91900F4E1B4 /* ComplicationController.swift in Sources */ = {isa = PBXBuildFile; fileRef = AD518D2A26EFD91900F4E1B4 /* ComplicationController.swift */; };
		AD518D2D26EFD91B00F4E1B4 /* Assets.xcassets in Resources */ = {isa = PBXBuildFile; fileRef = AD518D2C26EFD91B00F4E1B4 /* Assets.xcassets */; };
		AD518D3026EFD91B00F4E1B4 /* Preview Assets.xcassets in Resources */ = {isa = PBXBuildFile; fileRef = AD518D2F26EFD91B00F4E1B4 /* Preview Assets.xcassets */; };
/* End PBXBuildFile section */

/* Begin PBXContainerItemProxy section */
		AD518D1826EFD91600F4E1B4 /* PBXContainerItemProxy */ = {
			isa = PBXContainerItemProxy;
			containerPortal = AD518D0C26EFD91600F4E1B4 /* Project object */;
			proxyType = 1;
			remoteGlobalIDString = AD518D1526EFD91600F4E1B4;
			remoteInfo = "WatchTasks WatchKit App";
		};
		AD518D2326EFD91900F4E1B4 /* PBXContainerItemProxy */ = {
			isa = PBXContainerItemProxy;
			containerPortal = AD518D0C26EFD91600F4E1B4 /* Project object */;
			proxyType = 1;
			remoteGlobalIDString = AD518D2026EFD91900F4E1B4;
			remoteInfo = "WatchTasks WatchKit Extension";
		};
/* End PBXContainerItemProxy section */

/* Begin PBXCopyFilesBuildPhase section */
		AD518D3726EFD91B00F4E1B4 /* Embed App Extensions */ = {
			isa = PBXCopyFilesBuildPhase;
			buildActionMask = 2147483647;
			dstPath = "";
			dstSubfolderSpec = 13;
			files = (
				AD518D2226EFD91900F4E1B4 /* WatchTasks WatchKit Extension.appex in Embed App Extensions */,
			);
			name = "Embed App Extensions";
			runOnlyForDeploymentPostprocessing = 0;
		};
		AD518D3B26EFD91B00F4E1B4 /* Embed Watch Content */ = {
			isa = PBXCopyFilesBuildPhase;
			buildActionMask = 2147483647;
			dstPath = "$(CONTENTS_FOLDER_PATH)/Watch";
			dstSubfolderSpec = 16;
			files = (
				AD518D1726EFD91600F4E1B4 /* WatchTasks WatchKit App.app in Embed Watch Content */,
			);
			name = "Embed Watch Content";
			runOnlyForDeploymentPostprocessing = 0;
		};
/* End PBXCopyFilesBuildPhase section */

/* Begin PBXFileReference section */
		AD518D1226EFD91600F4E1B4 /* WatchTasks.app */ = {isa = PBXFileReference; explicitFileType = wrapper.application; includeInIndex = 0; path = WatchTasks.app; sourceTree = BUILT_PRODUCTS_DIR; };
		AD518D1626EFD91600F4E1B4 /* WatchTasks WatchKit App.app */ = {isa = PBXFileReference; explicitFileType = wrapper.application; includeInIndex = 0; path = "WatchTasks WatchKit App.app"; sourceTree = BUILT_PRODUCTS_DIR; };
		AD518D1B26EFD91800F4E1B4 /* Assets.xcassets */ = {isa = PBXFileReference; lastKnownFileType = folder.assetcatalog; path = Assets.xcassets; sourceTree = "<group>"; };
		AD518D2126EFD91900F4E1B4 /* WatchTasks WatchKit Extension.appex */ = {isa = PBXFileReference; explicitFileType = "wrapper.app-extension"; includeInIndex = 0; path = "WatchTasks WatchKit Extension.appex"; sourceTree = BUILT_PRODUCTS_DIR; };
		AD518D2626EFD91900F4E1B4 /* ContentView.swift */ = {isa = PBXFileReference; lastKnownFileType = sourcecode.swift; path = ContentView.swift; sourceTree = "<group>"; };
		AD518D2826EFD91900F4E1B4 /* WatchTasksApp.swift */ = {isa = PBXFileReference; lastKnownFileType = sourcecode.swift; path = WatchTasksApp.swift; sourceTree = "<group>"; };
		AD518D2A26EFD91900F4E1B4 /* ComplicationController.swift */ = {isa = PBXFileReference; lastKnownFileType = sourcecode.swift; path = ComplicationController.swift; sourceTree = "<group>"; };
		AD518D2C26EFD91B00F4E1B4 /* Assets.xcassets */ = {isa = PBXFileReference; lastKnownFileType = folder.assetcatalog; path = Assets.xcassets; sourceTree = "<group>"; };
		AD518D2F26EFD91B00F4E1B4 /* Preview Assets.xcassets */ = {isa = PBXFileReference; lastKnownFileType = folder.assetcatalog; path = "Preview Assets.xcassets"; sourceTree = "<group>"; };
		AD518D3126EFD91B00F4E1B4 /* Info.plist */ = {isa = PBXFileReference; lastKnownFileType = text.plist.xml; path = Info.plist; sourceTree = "<group>"; };
/* End PBXFileReference section */

/* Begin PBXFrameworksBuildPhase section */
		AD518D1E26EFD91900F4E1B4 /* Frameworks */ = {
			isa = PBXFrameworksBuildPhase;
			buildActionMask = 2147483647;
			files = (
			);
			runOnlyForDeploymentPostprocessing = 0;
		};
/* End PBXFrameworksBuildPhase section */

/* Begin PBXGroup section */
		AD518D0B26EFD91600F4E1B4 = {
			isa = PBXGroup;
			children = (
				AD518D1A26EFD91600F4E1B4 /* WatchTasks WatchKit App */,
				AD518D2526EFD91900F4E1B4 /* WatchTasks WatchKit Extension */,
				AD518D1326EFD91600F4E1B4 /* Products */,
			);
			sourceTree = "<group>";
		};
		AD518D1326EFD91600F4E1B4 /* Products */ = {
			isa = PBXGroup;
			children = (
				AD518D1226EFD91600F4E1B4 /* WatchTasks.app */,
				AD518D1626EFD91600F4E1B4 /* WatchTasks WatchKit App.app */,
				AD518D2126EFD91900F4E1B4 /* WatchTasks WatchKit Extension.appex */,
			);
			name = Products;
			sourceTree = "<group>";
		};
		AD518D1A26EFD91600F4E1B4 /* WatchTasks WatchKit App */ = {
			isa = PBXGroup;
			children = (
				AD518D1B26EFD91800F4E1B4 /* Assets.xcassets */,
			);
			path = "WatchTasks WatchKit App";
			sourceTree = "<group>";
		};
		AD518D2526EFD91900F4E1B4 /* WatchTasks WatchKit Extension */ = {
			isa = PBXGroup;
			children = (
				AD518D2626EFD91900F4E1B4 /* ContentView.swift */,
				AD518D2826EFD91900F4E1B4 /* WatchTasksApp.swift */,
				AD518D2A26EFD91900F4E1B4 /* ComplicationController.swift */,
				AD518D2C26EFD91B00F4E1B4 /* Assets.xcassets */,
				AD518D3126EFD91B00F4E1B4 /* Info.plist */,
				AD518D2E26EFD91B00F4E1B4 /* Preview Content */,
			);
			path = "WatchTasks WatchKit Extension";
			sourceTree = "<group>";
		};
		AD518D2E26EFD91B00F4E1B4 /* Preview Content */ = {
			isa = PBXGroup;
			children = (
				AD518D2F26EFD91B00F4E1B4 /* Preview Assets.xcassets */,
			);
			path = "Preview Content";
			sourceTree = "<group>";
		};
/* End PBXGroup section */

/* Begin PBXNativeTarget section */
		AD518D1126EFD91600F4E1B4 /* WatchTasks */ = {
			isa = PBXNativeTarget;
			buildConfigurationList = AD518D3C26EFD91B00F4E1B4 /* Build configuration list for PBXNativeTarget "WatchTasks" */;
			buildPhases = (
				AD518D1026EFD91600F4E1B4 /* Resources */,
				AD518D3B26EFD91B00F4E1B4 /* Embed Watch Content */,
			);
			buildRules = (
			);
			dependencies = (
				AD518D1926EFD91600F4E1B4 /* PBXTargetDependency */,
			);
			name = WatchTasks;
			productName = WatchTasks;
			productReference = AD518D1226EFD91600F4E1B4 /* WatchTasks.app */;
			productType = "com.apple.product-type.application.watchapp2-container";
		};
		AD518D1526EFD91600F4E1B4 /* WatchTasks WatchKit App */ = {
			isa = PBXNativeTarget;
			buildConfigurationList = AD518D3826EFD91B00F4E1B4 /* Build configuration list for PBXNativeTarget "WatchTasks WatchKit App" */;
			buildPhases = (
				AD518D1426EFD91600F4E1B4 /* Resources */,
				AD518D3726EFD91B00F4E1B4 /* Embed App Extensions */,
			);
			buildRules = (
			);
			dependencies = (
				AD518D2426EFD91900F4E1B4 /* PBXTargetDependency */,
			);
			name = "WatchTasks WatchKit App";
			productName = "WatchTasks WatchKit App";
			productReference = AD518D1626EFD91600F4E1B4 /* WatchTasks WatchKit App.app */;
			productType = "com.apple.product-type.application.watchapp2";
		};
		AD518D2026EFD91900F4E1B4 /* WatchTasks WatchKit Extension */ = {
			isa = PBXNativeTarget;
			buildConfigurationList = AD518D3426EFD91B00F4E1B4 /* Build configuration list for PBXNativeTarget "WatchTasks WatchKit Extension" */;
			buildPhases = (
				AD518D1D26EFD91900F4E1B4 /* Sources */,
				AD518D1E26EFD91900F4E1B4 /* Frameworks */,
				AD518D1F26EFD91900F4E1B4 /* Resources */,
			);
			buildRules = (
			);
			dependencies = (
			);
			name = "WatchTasks WatchKit Extension";
			productName = "WatchTasks WatchKit Extension";
			productReference = AD518D2126EFD91900F4E1B4 /* WatchTasks WatchKit Extension.appex */;
			productType = "com.apple.product-type.watchkit2-extension";
		};
/* End PBXNativeTarget section */

/* Begin PBXProject section */
		AD518D0C26EFD91600F4E1B4 /* Project object */ = {
			isa = PBXProject;
			attributes = {
				BuildIndependentTargetsInParallel = 1;
				LastSwiftUpdateCheck = 1300;
				LastUpgradeCheck = 1300;
				TargetAttributes = {
					AD518D1126EFD91600F4E1B4 = {
						CreatedOnToolsVersion = 13.0;
					};
					AD518D1526EFD91600F4E1B4 = {
						CreatedOnToolsVersion = 13.0;
					};
					AD518D2026EFD91900F4E1B4 = {
						CreatedOnToolsVersion = 13.0;
					};
				};
			};
			buildConfigurationList = AD518D0F26EFD91600F4E1B4 /* Build configuration list for PBXProject "WatchTasks" */;
			compatibilityVersion = "Xcode 13.0";
			developmentRegion = en;
			hasScannedForEncodings = 0;
			knownRegions = (
				en,
				Base,
			);
			mainGroup = AD518D0B26EFD91600F4E1B4;
			productRefGroup = AD518D1326EFD91600F4E1B4 /* Products */;
			projectDirPath = "";
			projectRoot = "";
			targets = (
				AD518D1126EFD91600F4E1B4 /* WatchTasks */,
				AD518D1526EFD91600F4E1B4 /* WatchTasks WatchKit App */,
				AD518D2026EFD91900F4E1B4 /* WatchTasks WatchKit Extension */,
			);
		};
/* End PBXProject section */

/* Begin PBXResourcesBuildPhase section */
		AD518D1026EFD91600F4E1B4 /* Resources */ = {
			isa = PBXResourcesBuildPhase;
			buildActionMask = 2147483647;
			files = (
			);
			runOnlyForDeploymentPostprocessing = 0;
		};
		AD518D1426EFD91600F4E1B4 /* Resources */ = {
			isa = PBXResourcesBuildPhase;
			buildActionMask = 2147483647;
			files = (
				AD518D1C26EFD91800F4E1B4 /* Assets.xcassets in Resources */,
			);
			runOnlyForDeploymentPostprocessing = 0;
		};
		AD518D1F26EFD91900F4E1B4 /* Resources */ = {
			isa = PBXResourcesBuildPhase;
			buildActionMask = 2147483647;
			files = (
				AD518D3026EFD91B00F4E1B4 /* Preview Assets.xcassets in Resources */,
				AD518D2D26EFD91B00F4E1B4 /* Assets.xcassets in Resources */,
			);
			runOnlyForDeploymentPostprocessing = 0;
		};
/* End PBXResourcesBuildPhase section */

/* Begin PBXSourcesBuildPhase section */
		AD518D1D26EFD91900F4E1B4 /* Sources */ = {
			isa = PBXSourcesBuildPhase;
			buildActionMask = 2147483647;
			files = (
				AD518D2926EFD91900F4E1B4 /* WatchTasksApp.swift in Sources */,
				AD518D2726EFD91900F4E1B4 /* ContentView.swift in Sources */,
				AD518D2B26EFD91900F4E1B4 /* ComplicationController.swift in Sources */,
			);
			runOnlyForDeploymentPostprocessing = 0;
		};
/* End PBXSourcesBuildPhase section */

/* Begin PBXTargetDependency section */
		AD518D1926EFD91600F4E1B4 /* PBXTargetDependency */ = {
			isa = PBXTargetDependency;
			target = AD518D1526EFD91600F4E1B4 /* WatchTasks WatchKit App */;
			targetProxy = AD518D1826EFD91600F4E1B4 /* PBXContainerItemProxy */;
		};
		AD518D2426EFD91900F4E1B4 /* PBXTargetDependency */ = {
			isa = PBXTargetDependency;
			target = AD518D2026EFD91900F4E1B4 /* WatchTasks WatchKit Extension */;
			targetProxy = AD518D2326EFD91900F4E1B4 /* PBXContainerItemProxy */;
		};
/* End PBXTargetDependency section */

/* Begin XCBuildConfiguration section */
		AD518D3226EFD91B00F4E1B4 /* Debug */ = {
			isa = XCBuildConfiguration;
			buildSettings = {
				ALWAYS_SEARCH_USER_PATHS = NO;
				CLANG_ANALYZER_NONNULL = YES;
				CLANG_ANALYZER_NUMBER_OBJECT_CONVERSION = YES_AGGRESSIVE;
				CLANG_CXX_LANGUAGE_STANDARD = "gnu++17";
				CLANG_CXX_LIBRARY = "libc++";
				CLANG_ENABLE_MODULES = YES;
				CLANG_ENABLE_OBJC_ARC = YES;
				CLANG_ENABLE_OBJC_WEAK = YES;
				CLANG_WARN_BLOCK_CAPTURE_AUTORELEASING = YES;
				CLANG_WARN_BOOL_CONVERSION = YES;
				CLANG_WARN_COMMA = YES;
				CLANG_WARN_CONSTANT_CONVERSION = YES;
				CLANG_WARN_DEPRECATED_OBJC_IMPLEMENTATIONS = YES;
				CLANG_WARN_DIRECT_OBJC_ISA_USAGE = YES_ERROR;
				CLANG_WARN_DOCUMENTATION_COMMENTS = YES;
				CLANG_WARN_EMPTY_BODY = YES;
				CLANG_WARN_ENUM_CONVERSION = YES;
				CLANG_WARN_INFINITE_RECURSION = YES;
				CLANG_WARN_INT_CONVERSION = YES;
				CLANG_WARN_NON_LITERAL_NULL_CONVERSION = YES;
				CLANG_WARN_OBJC_IMPLICIT_RETAIN_SELF = YES;
				CLANG_WARN_OBJC_LITERAL_CONVERSION = YES;
				CLANG_WARN_OBJC_ROOT_CLASS = YES_ERROR;
				CLANG_WARN_QUOTED_INCLUDE_IN_FRAMEWORK_HEADER = YES;
				CLANG_WARN_RANGE_LOOP_ANALYSIS = YES;
				CLANG_WARN_STRICT_PROTOTYPES = YES;
				CLANG_WARN_SUSPICIOUS_MOVE = YES;
				CLANG_WARN_UNGUARDED_AVAILABILITY = YES_AGGRESSIVE;
				CLANG_WARN_UNREACHABLE_CODE = YES;
				CLANG_WARN__DUPLICATE_METHOD_MATCH = YES;
				COPY_PHASE_STRIP = NO;
				DEBUG_INFORMATION_FORMAT = dwarf;
				ENABLE_STRICT_OBJC_MSGSEND = YES;
				ENABLE_TESTABILITY = YES;
				GCC_C_LANGUAGE_STANDARD = gnu11;
				GCC_DYNAMIC_NO_PIC = NO;
				GCC_NO_COMMON_BLOCKS = YES;
				GCC_OPTIMIZATION_LEVEL = 0;
				GCC_PREPROCESSOR_DEFINITIONS = (
					"DEBUG=1",
					"$(inherited)",
				);
				GCC_WARN_64_TO_32_BIT_CONVERSION = YES;
				GCC_WARN_ABOUT_RETURN_TYPE = YES_ERROR;
				GCC_WARN_UNDECLARED_SELECTOR = YES;
				GCC_WARN_UNINITIALIZED_AUTOS = YES_AGGRESSIVE;
				GCC_WARN_UNUSED_FUNCTION = YES;
				GCC_WARN_UNUSED_VARIABLE = YES;
				MTL_ENABLE_DEBUG_INFO = INCLUDE_SOURCE;
				MTL_FAST_MATH = YES;
				ONLY_ACTIVE_ARCH = YES;
				SDKROOT = iphoneos;
				SWIFT_ACTIVE_COMPILATION_CONDITIONS = DEBUG;
				SWIFT_OPTIMIZATION_LEVEL = "-Onone";
			};
			name = Debug;
		};
		AD518D3326EFD91B00F4E1B4 /* Release */ = {
			isa = XCBuildConfiguration;
			buildSettings = {
				ALWAYS_SEARCH_USER_PATHS = NO;
				CLANG_ANALYZER_NONNULL = YES;
				CLANG_ANALYZER_NUMBER_OBJECT_CONVERSION = YES_AGGRESSIVE;
				CLANG_CXX_LANGUAGE_STANDARD = "gnu++17";
				CLANG_CXX_LIBRARY = "libc++";
				CLANG_ENABLE_MODULES = YES;
				CLANG_ENABLE_OBJC_ARC = YES;
				CLANG_ENABLE_OBJC_WEAK = YES;
				CLANG_WARN_BLOCK_CAPTURE_AUTORELEASING = YES;
				CLANG_WARN_BOOL_CONVERSION = YES;
				CLANG_WARN_COMMA = YES;
				CLANG_WARN_CONSTANT_CONVERSION = YES;
				CLANG_WARN_DEPRECATED_OBJC_IMPLEMENTATIONS = YES;
				CLANG_WARN_DIRECT_OBJC_ISA_USAGE = YES_ERROR;
				CLANG_WARN_DOCUMENTATION_COMMENTS = YES;
				CLANG_WARN_EMPTY_BODY = YES;
				CLANG_WARN_ENUM_CONVERSION = YES;
				CLANG_WARN_INFINITE_RECURSION = YES;
				CLANG_WARN_INT_CONVERSION = YES;
				CLANG_WARN_NON_LITERAL_NULL_CONVERSION = YES;
				CLANG_WARN_OBJC_IMPLICIT_RETAIN_SELF = YES;
				CLANG_WARN_OBJC_LITERAL_CONVERSION = YES;
				CLANG_WARN_OBJC_ROOT_CLASS = YES_ERROR;
				CLANG_WARN_QUOTED_INCLUDE_IN_FRAMEWORK_HEADER = YES;
				CLANG_WARN_RANGE_LOOP_ANALYSIS = YES;
				CLANG_WARN_STRICT_PROTOTYPES = YES;
				CLANG_WARN_SUSPICIOUS_MOVE = YES;
				CLANG_WARN_UNGUARDED_AVAILABILITY = YES_AGGRESSIVE;
				CLANG_WARN_UNREACHABLE_CODE = YES;
				CLANG_WARN__DUPLICATE_METHOD_MATCH = YES;
				COPY_PHASE_STRIP = NO;
				DEBUG_INFORMATION_FORMAT = "dwarf-with-dsym";
				ENABLE_NS_ASSERTIONS = NO;
				ENABLE_STRICT_OBJC_MSGSEND = YES;
				GCC_C_LANGUAGE_STANDARD = gnu11;
				GCC_NO_COMMON_BLOCKS = YES;
				GCC_WARN_64_TO_32_BIT_CONVERSION = YES;
				GCC_WARN_ABOUT_RETURN_TYPE = YES_ERROR;
				GCC_WARN_UNDECLARED_SELECTOR = YES;
				GCC_WARN_UNINITIALIZED_AUTOS = YES_AGGRESSIVE;
				GCC_WARN_UNUSED_FUNCTION = YES;
				GCC_WARN_UNUSED_VARIABLE = YES;
				MTL_ENABLE_DEBUG_INFO = NO;
				MTL_FAST_MATH = YES;
				SDKROOT = iphoneos;
				SWIFT_COMPILATION_MODE = wholemodule;
				SWIFT_OPTIMIZATION_LEVEL = "-O";
				VALIDATE_PRODUCT = YES;
			};
			name = Release;
		};
		AD518D3526EFD91B00F4E1B4 /* Debug */ = {
			isa = XCBuildConfiguration;
			buildSettings = {
				ASSETCATALOG_COMPILER_COMPLICATION_NAME = Complication;
				CODE_SIGN_STYLE = Automatic;
				CURRENT_PROJECT_VERSION = 1;
				DEVELOPMENT_ASSET_PATHS = "\"WatchTasks WatchKit Extension/Preview Content\"";
				DEVELOPMENT_TEAM = CF655ESNGC;
				ENABLE_PREVIEWS = YES;
				GENERATE_INFOPLIST_FILE = YES;
				INFOPLIST_FILE = "WatchTasks WatchKit Extension/Info.plist";
				INFOPLIST_KEY_CFBundleDisplayName = "WatchTasks WatchKit Extension";
				INFOPLIST_KEY_CLKComplicationPrincipalClass = "$(PRODUCT_MODULE_NAME).ComplicationController";
				INFOPLIST_KEY_NSHumanReadableCopyright = "";
				INFOPLIST_KEY_WKWatchOnly = YES;
				LD_RUNPATH_SEARCH_PATHS = (
					"$(inherited)",
					"@executable_path/Frameworks",
					"@executable_path/../../Frameworks",
				);
				MARKETING_VERSION = 1.0;
				PRODUCT_BUNDLE_IDENTIFIER = com.baralabs.WatchTasks.watchkitapp.watchkitextension;
				PRODUCT_NAME = "${TARGET_NAME}";
				SDKROOT = watchos;
				SKIP_INSTALL = YES;
				SWIFT_EMIT_LOC_STRINGS = YES;
				SWIFT_VERSION = 5.0;
				TARGETED_DEVICE_FAMILY = 4;
				WATCHOS_DEPLOYMENT_TARGET = 8.0;
			};
			name = Debug;
		};
		AD518D3626EFD91B00F4E1B4 /* Release */ = {
			isa = XCBuildConfiguration;
			buildSettings = {
				ASSETCATALOG_COMPILER_COMPLICATION_NAME = Complication;
				CODE_SIGN_STYLE = Automatic;
				CURRENT_PROJECT_VERSION = 1;
				DEVELOPMENT_ASSET_PATHS = "\"WatchTasks WatchKit Extension/Preview Content\"";
				DEVELOPMENT_TEAM = CF655ESNGC;
				ENABLE_PREVIEWS = YES;
				GENERATE_INFOPLIST_FILE = YES;
				INFOPLIST_FILE = "WatchTasks WatchKit Extension/Info.plist";
				INFOPLIST_KEY_CFBundleDisplayName = "WatchTasks WatchKit Extension";
				INFOPLIST_KEY_CLKComplicationPrincipalClass = "$(PRODUCT_MODULE_NAME).ComplicationController";
				INFOPLIST_KEY_NSHumanReadableCopyright = "";
				INFOPLIST_KEY_WKWatchOnly = YES;
				LD_RUNPATH_SEARCH_PATHS = (
					"$(inherited)",
					"@executable_path/Frameworks",
					"@executable_path/../../Frameworks",
				);
				MARKETING_VERSION = 1.0;
				PRODUCT_BUNDLE_IDENTIFIER = com.baralabs.WatchTasks.watchkitapp.watchkitextension;
				PRODUCT_NAME = "${TARGET_NAME}";
				SDKROOT = watchos;
				SKIP_INSTALL = YES;
				SWIFT_EMIT_LOC_STRINGS = YES;
				SWIFT_VERSION = 5.0;
				TARGETED_DEVICE_FAMILY = 4;
				WATCHOS_DEPLOYMENT_TARGET = 8.0;
			};
			name = Release;
		};
		AD518D3926EFD91B00F4E1B4 /* Debug */ = {
			isa = XCBuildConfiguration;
			buildSettings = {
				ALWAYS_EMBED_SWIFT_STANDARD_LIBRARIES = YES;
				ASSETCATALOG_COMPILER_APPICON_NAME = AppIcon;
				ASSETCATALOG_COMPILER_GLOBAL_ACCENT_COLOR_NAME = AccentColor;
				CODE_SIGN_STYLE = Automatic;
				CURRENT_PROJECT_VERSION = 1;
				DEVELOPMENT_TEAM = CF655ESNGC;
				GENERATE_INFOPLIST_FILE = YES;
				IBSC_MODULE = WatchTasks_WatchKit_Extension;
				INFOPLIST_KEY_CFBundleDisplayName = "WatchTasks WatchKit App";
				INFOPLIST_KEY_UISupportedInterfaceOrientations = "UIInterfaceOrientationPortrait UIInterfaceOrientationPortraitUpsideDown";
				MARKETING_VERSION = 1.0;
				PRODUCT_BUNDLE_IDENTIFIER = com.baralabs.WatchTasks.watchkitapp;
				PRODUCT_NAME = "$(TARGET_NAME)";
				SDKROOT = watchos;
				SKIP_INSTALL = YES;
				SWIFT_EMIT_LOC_STRINGS = YES;
				SWIFT_VERSION = 5.0;
				TARGETED_DEVICE_FAMILY = 4;
				WATCHOS_DEPLOYMENT_TARGET = 8.0;
			};
			name = Debug;
		};
		AD518D3A26EFD91B00F4E1B4 /* Release */ = {
			isa = XCBuildConfiguration;
			buildSettings = {
				ALWAYS_EMBED_SWIFT_STANDARD_LIBRARIES = YES;
				ASSETCATALOG_COMPILER_APPICON_NAME = AppIcon;
				ASSETCATALOG_COMPILER_GLOBAL_ACCENT_COLOR_NAME = AccentColor;
				CODE_SIGN_STYLE = Automatic;
				CURRENT_PROJECT_VERSION = 1;
				DEVELOPMENT_TEAM = CF655ESNGC;
				GENERATE_INFOPLIST_FILE = YES;
				IBSC_MODULE = WatchTasks_WatchKit_Extension;
				INFOPLIST_KEY_CFBundleDisplayName = "WatchTasks WatchKit App";
				INFOPLIST_KEY_UISupportedInterfaceOrientations = "UIInterfaceOrientationPortrait UIInterfaceOrientationPortraitUpsideDown";
				MARKETING_VERSION = 1.0;
				PRODUCT_BUNDLE_IDENTIFIER = com.baralabs.WatchTasks.watchkitapp;
				PRODUCT_NAME = "$(TARGET_NAME)";
				SDKROOT = watchos;
				SKIP_INSTALL = YES;
				SWIFT_EMIT_LOC_STRINGS = YES;
				SWIFT_VERSION = 5.0;
				TARGETED_DEVICE_FAMILY = 4;
				WATCHOS_DEPLOYMENT_TARGET = 8.0;
			};
			name = Release;
		};
		AD518D3D26EFD91B00F4E1B4 /* Debug */ = {
			isa = XCBuildConfiguration;
			buildSettings = {
				CODE_SIGN_STYLE = Automatic;
				CURRENT_PROJECT_VERSION = 1;
				DEVELOPMENT_TEAM = CF655ESNGC;
				MARKETING_VERSION = 1.0;
				PRODUCT_BUNDLE_IDENTIFIER = com.baralabs.WatchTasks;
				PRODUCT_NAME = "$(TARGET_NAME)";
				SWIFT_VERSION = 5.0;
			};
			name = Debug;
		};
		AD518D3E26EFD91B00F4E1B4 /* Release */ = {
			isa = XCBuildConfiguration;
			buildSettings = {
				CODE_SIGN_STYLE = Automatic;
				CURRENT_PROJECT_VERSION = 1;
				DEVELOPMENT_TEAM = CF655ESNGC;
				MARKETING_VERSION = 1.0;
				PRODUCT_BUNDLE_IDENTIFIER = com.baralabs.WatchTasks;
				PRODUCT_NAME = "$(TARGET_NAME)";
				SWIFT_VERSION = 5.0;
			};
			name = Release;
		};
/* End XCBuildConfiguration section */

/* Begin XCConfigurationList section */
		AD518D0F26EFD91600F4E1B4 /* Build configuration list for PBXProject "WatchTasks" */ = {
			isa = XCConfigurationList;
			buildConfigurations = (
				AD518D3226EFD91B00F4E1B4 /* Debug */,
				AD518D3326EFD91B00F4E1B4 /* Release */,
			);
			defaultConfigurationIsVisible = 0;
			defaultConfigurationName = Release;
		};
		AD518D3426EFD91B00F4E1B4 /* Build configuration list for PBXNativeTarget "WatchTasks WatchKit Extension" */ = {
			isa = XCConfigurationList;
			buildConfigurations = (
				AD518D3526EFD91B00F4E1B4 /* Debug */,
				AD518D3626EFD91B00F4E1B4 /* Release */,
			);
			defaultConfigurationIsVisible = 0;
			defaultConfigurationName = Release;
		};
		AD518D3826EFD91B00F4E1B4 /* Build configuration list for PBXNativeTarget "WatchTasks WatchKit App" */ = {
			isa = XCConfigurationList;
			buildConfigurations = (
				AD518D3926EFD91B00F4E1B4 /* Debug */,
				AD518D3A26EFD91B00F4E1B4 /* Release */,
			);
			defaultConfigurationIsVisible = 0;
			defaultConfigurationName = Release;
		};
		AD518D3C26EFD91B00F4E1B4 /* Build configuration list for PBXNativeTarget "WatchTasks" */ = {
			isa = XCConfigurationList;
			buildConfigurations = (
				AD518D3D26EFD91B00F4E1B4 /* Debug */,
				AD518D3E26EFD91B00F4E1B4 /* Release */,
			);
			defaultConfigurationIsVisible = 0;
			defaultConfigurationName = Release;
		};
/* End XCConfigurationList section */
	};
	rootObject = AD518D0C26EFD91600F4E1B4 /* Project object */;
}
